
Microsoft Visual Studio Solution File, Format Version 12.00
Project("{FAE04EC0-301F-11D3-BF4B-00C04F79EFBC}") = "HorseAmountIndicator", "HorseAmountIndicator\HorseAmountIndicator.csproj", "{12393A2C-F93C-45D9-96BB-18AB3395CE5B}"
EndProject
Global
	GlobalSection(SolutionConfigurationPlatforms) = preSolution
		Debug|Any CPU = Debug|Any CPU
		Release|Any CPU = Release|Any CPU
	EndGlobalSection
	GlobalSection(ProjectConfigurationPlatforms) = postSolution
		{12393A2C-F93C-45D9-96BB-18AB3395CE5B}.Debug|Any CPU.ActiveCfg = Debug|Any CPU
		{12393A2C-F93C-45D9-96BB-18AB3395CE5B}.Debug|Any CPU.Build.0 = Debug|Any CPU
		{12393A2C-F93C-45D9-96BB-18AB3395CE5B}.Release|Any CPU.ActiveCfg = Release|Any CPU
		{12393A2C-F93C-45D9-96BB-18AB3395CE5B}.Release|Any CPU.Build.0 = Release|Any CPU
	EndGlobalSection
EndGlobal
